// !$*UTF8*$!
{
	archiveVersion = 1;
	classes = {
	};
	objectVersion = 55;
	objects = {

/* Begin PBXBuildFile section */
		DC241BEB289A79C40039D6E9 /* LandmarkDetail.swift in Sources */ = {isa = PBXBuildFile; fileRef = DC241BEA289A79C40039D6E9 /* LandmarkDetail.swift */; };
		DC2E20B5289D43B60097BF61 /* ModelData+constants.swift in Sources */ = {isa = PBXBuildFile; fileRef = DC2E20B4289D43B60097BF61 /* ModelData+constants.swift */; };
		DC2E20B9289D49500097BF61 /* FavoriteButton.swift in Sources */ = {isa = PBXBuildFile; fileRef = DC2E20B8289D49500097BF61 /* FavoriteButton.swift */; };
		DC40643D28AD647400372DAB /* HexagonParameters.swift in Sources */ = {isa = PBXBuildFile; fileRef = DC40643C28AD647400372DAB /* HexagonParameters.swift */; };
		DC55E0F228981EF5001E0293 /* CircleImage.swift in Sources */ = {isa = PBXBuildFile; fileRef = DC55E0F128981EF5001E0293 /* CircleImage.swift */; };
		DC55E0F42898628C001E0293 /* MapView.swift in Sources */ = {isa = PBXBuildFile; fileRef = DC55E0F32898628C001E0293 /* MapView.swift */; };
		DC7FF0C028998C9000A9FAD7 /* LandmarkList.swift in Sources */ = {isa = PBXBuildFile; fileRef = DC7FF0BF28998C9000A9FAD7 /* LandmarkList.swift */; };
		DCB0FBB628942CBC00BC2481 /* LandmarksApp.swift in Sources */ = {isa = PBXBuildFile; fileRef = DCB0FBB528942CBC00BC2481 /* LandmarksApp.swift */; };
		DCB0FBB828942CBC00BC2481 /* ContentView.swift in Sources */ = {isa = PBXBuildFile; fileRef = DCB0FBB728942CBC00BC2481 /* ContentView.swift */; };
		DCB0FBBA28942CBE00BC2481 /* Assets.xcassets in Resources */ = {isa = PBXBuildFile; fileRef = DCB0FBB928942CBE00BC2481 /* Assets.xcassets */; };
		DCB0FBBD28942CBE00BC2481 /* Preview Assets.xcassets in Resources */ = {isa = PBXBuildFile; fileRef = DCB0FBBC28942CBE00BC2481 /* Preview Assets.xcassets */; };
		DCC746072899334800DFB735 /* landmarkData.json in Resources */ = {isa = PBXBuildFile; fileRef = DCC746062899334700DFB735 /* landmarkData.json */; };
		DCC7460E289934D800DFB735 /* Landmark.swift in Sources */ = {isa = PBXBuildFile; fileRef = DCC7460D289934D800DFB735 /* Landmark.swift */; };
		DCC7461028994E6400DFB735 /* ModelData.swift in Sources */ = {isa = PBXBuildFile; fileRef = DCC7460F28994E6400DFB735 /* ModelData.swift */; };
		DCC74612289952D800DFB735 /* LandmarkRow.swift in Sources */ = {isa = PBXBuildFile; fileRef = DCC74611289952D800DFB735 /* LandmarkRow.swift */; };
/* End PBXBuildFile section */

/* Begin PBXFileReference section */
		DC241BEA289A79C40039D6E9 /* LandmarkDetail.swift */ = {isa = PBXFileReference; lastKnownFileType = sourcecode.swift; path = LandmarkDetail.swift; sourceTree = "<group>"; };
		DC2E20B4289D43B60097BF61 /* ModelData+constants.swift */ = {isa = PBXFileReference; lastKnownFileType = sourcecode.swift; path = "ModelData+constants.swift"; sourceTree = "<group>"; };
		DC2E20B8289D49500097BF61 /* FavoriteButton.swift */ = {isa = PBXFileReference; lastKnownFileType = sourcecode.swift; path = FavoriteButton.swift; sourceTree = "<group>"; };
		DC40643C28AD647400372DAB /* HexagonParameters.swift */ = {isa = PBXFileReference; lastKnownFileType = sourcecode.swift; path = HexagonParameters.swift; sourceTree = "<group>"; };
		DC55E0F128981EF5001E0293 /* CircleImage.swift */ = {isa = PBXFileReference; lastKnownFileType = sourcecode.swift; path = CircleImage.swift; sourceTree = "<group>"; };
		DC55E0F32898628C001E0293 /* MapView.swift */ = {isa = PBXFileReference; lastKnownFileType = sourcecode.swift; path = MapView.swift; sourceTree = "<group>"; };
		DC7FF0BF28998C9000A9FAD7 /* LandmarkList.swift */ = {isa = PBXFileReference; lastKnownFileType = sourcecode.swift; path = LandmarkList.swift; sourceTree = "<group>"; };
		DCB0FBB228942CBC00BC2481 /* Landmarks.app */ = {isa = PBXFileReference; explicitFileType = wrapper.application; includeInIndex = 0; path = Landmarks.app; sourceTree = BUILT_PRODUCTS_DIR; };
		DCB0FBB528942CBC00BC2481 /* LandmarksApp.swift */ = {isa = PBXFileReference; lastKnownFileType = sourcecode.swift; path = LandmarksApp.swift; sourceTree = "<group>"; };
		DCB0FBB728942CBC00BC2481 /* ContentView.swift */ = {isa = PBXFileReference; lastKnownFileType = sourcecode.swift; path = ContentView.swift; sourceTree = "<group>"; };
		DCB0FBB928942CBE00BC2481 /* Assets.xcassets */ = {isa = PBXFileReference; lastKnownFileType = folder.assetcatalog; path = Assets.xcassets; sourceTree = "<group>"; };
		DCB0FBBC28942CBE00BC2481 /* Preview Assets.xcassets */ = {isa = PBXFileReference; lastKnownFileType = folder.assetcatalog; path = "Preview Assets.xcassets"; sourceTree = "<group>"; };
		DCC746062899334700DFB735 /* landmarkData.json */ = {isa = PBXFileReference; fileEncoding = 4; lastKnownFileType = text.json; path = landmarkData.json; sourceTree = "<group>"; };
		DCC7460D289934D800DFB735 /* Landmark.swift */ = {isa = PBXFileReference; lastKnownFileType = sourcecode.swift; path = Landmark.swift; sourceTree = "<group>"; };
		DCC7460F28994E6400DFB735 /* ModelData.swift */ = {isa = PBXFileReference; lastKnownFileType = sourcecode.swift; path = ModelData.swift; sourceTree = "<group>"; };
		DCC74611289952D800DFB735 /* LandmarkRow.swift */ = {isa = PBXFileReference; lastKnownFileType = sourcecode.swift; path = LandmarkRow.swift; sourceTree = "<group>"; };
/* End PBXFileReference section */

/* Begin PBXFrameworksBuildPhase section */
		DCB0FBAF28942CBC00BC2481 /* Frameworks */ = {
			isa = PBXFrameworksBuildPhase;
			buildActionMask = 2147483647;
			files = (
			);
			runOnlyForDeploymentPostprocessing = 0;
		};
/* End PBXFrameworksBuildPhase section */

/* Begin PBXGroup section */
		DC2E20B6289D43EE0097BF61 /* Extensions */ = {
			isa = PBXGroup;
			children = (
				DC2E20B4289D43B60097BF61 /* ModelData+constants.swift */,
			);
			path = Extensions;
			sourceTree = "<group>";
		};
		DC2E20BA289D4EDF0097BF61 /* Landmarks */ = {
			isa = PBXGroup;
			children = (
				DC241BEA289A79C40039D6E9 /* LandmarkDetail.swift */,
				DCC74611289952D800DFB735 /* LandmarkRow.swift */,
				DC7FF0BF28998C9000A9FAD7 /* LandmarkList.swift */,
			);
			path = Landmarks;
			sourceTree = "<group>";
		};
		DC2E20BB289D4EFC0097BF61 /* Helpers */ = {
			isa = PBXGroup;
			children = (
				DC55E0F32898628C001E0293 /* MapView.swift */,
				DC2E20B8289D49500097BF61 /* FavoriteButton.swift */,
				DC55E0F128981EF5001E0293 /* CircleImage.swift */,
			);
			path = Helpers;
			sourceTree = "<group>";
		};
		DCB0FBA928942CBC00BC2481 = {
			isa = PBXGroup;
			children = (
				DCB0FBB428942CBC00BC2481 /* Landmarks */,
				DCB0FBB328942CBC00BC2481 /* Products */,
			);
			sourceTree = "<group>";
		};
		DCB0FBB328942CBC00BC2481 /* Products */ = {
			isa = PBXGroup;
			children = (
				DCB0FBB228942CBC00BC2481 /* Landmarks.app */,
			);
			name = Products;
			sourceTree = "<group>";
		};
		DCB0FBB428942CBC00BC2481 /* Landmarks */ = {
			isa = PBXGroup;
			children = (
				DCC74609289933E100DFB735 /* App */,
				DCC7460B2899341A00DFB735 /* Assets */,
				DC2E20B6289D43EE0097BF61 /* Extensions */,
				DCC7460C289934C300DFB735 /* Model */,
				DCB0FBBB28942CBE00BC2481 /* Preview Content */,
				DCC746082899334F00DFB735 /* Resources */,
				DCC7460A289933F400DFB735 /* Views */,
			);
			path = Landmarks;
			sourceTree = "<group>";
		};
		DCB0FBBB28942CBE00BC2481 /* Preview Content */ = {
			isa = PBXGroup;
			children = (
				DCB0FBBC28942CBE00BC2481 /* Preview Assets.xcassets */,
			);
			path = "Preview Content";
			sourceTree = "<group>";
		};
		DCC746082899334F00DFB735 /* Resources */ = {
			isa = PBXGroup;
			children = (
				DCC746062899334700DFB735 /* landmarkData.json */,
			);
			path = Resources;
			sourceTree = "<group>";
		};
		DCC74609289933E100DFB735 /* App */ = {
			isa = PBXGroup;
			children = (
				DCB0FBB528942CBC00BC2481 /* LandmarksApp.swift */,
			);
			path = App;
			sourceTree = "<group>";
		};
		DCC7460A289933F400DFB735 /* Views */ = {
			isa = PBXGroup;
			children = (
				DCB0FBB728942CBC00BC2481 /* ContentView.swift */,
				DC2E20BB289D4EFC0097BF61 /* Helpers */,
				DC2E20BA289D4EDF0097BF61 /* Landmarks */,
				DC40643C28AD647400372DAB /* HexagonParameters.swift */,
			);
			path = Views;
			sourceTree = "<group>";
		};
		DCC7460B2899341A00DFB735 /* Assets */ = {
			isa = PBXGroup;
			children = (
				DCB0FBB928942CBE00BC2481 /* Assets.xcassets */,
			);
			path = Assets;
			sourceTree = "<group>";
		};
		DCC7460C289934C300DFB735 /* Model */ = {
			isa = PBXGroup;
			children = (
				DCC7460D289934D800DFB735 /* Landmark.swift */,
				DCC7460F28994E6400DFB735 /* ModelData.swift */,
			);
			path = Model;
			sourceTree = "<group>";
		};
/* End PBXGroup section */

/* Begin PBXNativeTarget section */
		DCB0FBB128942CBC00BC2481 /* Landmarks */ = {
			isa = PBXNativeTarget;
			buildConfigurationList = DCB0FBC028942CBE00BC2481 /* Build configuration list for PBXNativeTarget "Landmarks" */;
			buildPhases = (
				DCB0FBAE28942CBC00BC2481 /* Sources */,
				DCB0FBAF28942CBC00BC2481 /* Frameworks */,
				DCB0FBB028942CBC00BC2481 /* Resources */,
			);
			buildRules = (
			);
			dependencies = (
			);
			name = Landmarks;
			productName = Landmarks;
			productReference = DCB0FBB228942CBC00BC2481 /* Landmarks.app */;
			productType = "com.apple.product-type.application";
		};
/* End PBXNativeTarget section */

/* Begin PBXProject section */
		DCB0FBAA28942CBC00BC2481 /* Project object */ = {
			isa = PBXProject;
			attributes = {
				BuildIndependentTargetsInParallel = 1;
				LastSwiftUpdateCheck = 1340;
				LastUpgradeCheck = 1340;
				TargetAttributes = {
					DCB0FBB128942CBC00BC2481 = {
						CreatedOnToolsVersion = 13.4.1;
					};
				};
			};
			buildConfigurationList = DCB0FBAD28942CBC00BC2481 /* Build configuration list for PBXProject "Landmarks" */;
			compatibilityVersion = "Xcode 13.0";
			developmentRegion = en;
			hasScannedForEncodings = 0;
			knownRegions = (
				en,
				Base,
			);
			mainGroup = DCB0FBA928942CBC00BC2481;
			productRefGroup = DCB0FBB328942CBC00BC2481 /* Products */;
			projectDirPath = "";
			projectRoot = "";
			targets = (
				DCB0FBB128942CBC00BC2481 /* Landmarks */,
			);
		};
/* End PBXProject section */

/* Begin PBXResourcesBuildPhase section */
		DCB0FBB028942CBC00BC2481 /* Resources */ = {
			isa = PBXResourcesBuildPhase;
			buildActionMask = 2147483647;
			files = (
				DCB0FBBD28942CBE00BC2481 /* Preview Assets.xcassets in Resources */,
				DCB0FBBA28942CBE00BC2481 /* Assets.xcassets in Resources */,
				DCC746072899334800DFB735 /* landmarkData.json in Resources */,
			);
			runOnlyForDeploymentPostprocessing = 0;
		};
/* End PBXResourcesBuildPhase section */

/* Begin PBXSourcesBuildPhase section */
		DCB0FBAE28942CBC00BC2481 /* Sources */ = {
			isa = PBXSourcesBuildPhase;
			buildActionMask = 2147483647;
			files = (
				DC40643D28AD647400372DAB /* HexagonParameters.swift in Sources */,
				DCB0FBB828942CBC00BC2481 /* ContentView.swift in Sources */,
				DC55E0F42898628C001E0293 /* MapView.swift in Sources */,
				DCB0FBB628942CBC00BC2481 /* LandmarksApp.swift in Sources */,
				DC7FF0C028998C9000A9FAD7 /* LandmarkList.swift in Sources */,
				DC241BEB289A79C40039D6E9 /* LandmarkDetail.swift in Sources */,
				DC55E0F228981EF5001E0293 /* CircleImage.swift in Sources */,
				DCC7460E289934D800DFB735 /* Landmark.swift in Sources */,
				DC2E20B5289D43B60097BF61 /* ModelData+constants.swift in Sources */,
				DCC74612289952D800DFB735 /* LandmarkRow.swift in Sources */,
				DC2E20B9289D49500097BF61 /* FavoriteButton.swift in Sources */,
				DCC7461028994E6400DFB735 /* ModelData.swift in Sources */,
			);
			runOnlyForDeploymentPostprocessing = 0;
		};
/* End PBXSourcesBuildPhase section */

/* Begin XCBuildConfiguration section */
		DCB0FBBE28942CBE00BC2481 /* Debug */ = {
			isa = XCBuildConfiguration;
			buildSettings = {
				ALWAYS_SEARCH_USER_PATHS = NO;
				CLANG_ANALYZER_NONNULL = YES;
				CLANG_ANALYZER_NUMBER_OBJECT_CONVERSION = YES_AGGRESSIVE;
				CLANG_CXX_LANGUAGE_STANDARD = "gnu++17";
				CLANG_ENABLE_MODULES = YES;
				CLANG_ENABLE_OBJC_ARC = YES;
				CLANG_ENABLE_OBJC_WEAK = YES;
				CLANG_WARN_BLOCK_CAPTURE_AUTORELEASING = YES;
				CLANG_WARN_BOOL_CONVERSION = YES;
				CLANG_WARN_COMMA = YES;
				CLANG_WARN_CONSTANT_CONVERSION = YES;
				CLANG_WARN_DEPRECATED_OBJC_IMPLEMENTATIONS = YES;
				CLANG_WARN_DIRECT_OBJC_ISA_USAGE = YES_ERROR;
				CLANG_WARN_DOCUMENTATION_COMMENTS = YES;
				CLANG_WARN_EMPTY_BODY = YES;
				CLANG_WARN_ENUM_CONVERSION = YES;
				CLANG_WARN_INFINITE_RECURSION = YES;
				CLANG_WARN_INT_CONVERSION = YES;
				CLANG_WARN_NON_LITERAL_NULL_CONVERSION = YES;
				CLANG_WARN_OBJC_IMPLICIT_RETAIN_SELF = YES;
				CLANG_WARN_OBJC_LITERAL_CONVERSION = YES;
				CLANG_WARN_OBJC_ROOT_CLASS = YES_ERROR;
				CLANG_WARN_QUOTED_INCLUDE_IN_FRAMEWORK_HEADER = YES;
				CLANG_WARN_RANGE_LOOP_ANALYSIS = YES;
				CLANG_WARN_STRICT_PROTOTYPES = YES;
				CLANG_WARN_SUSPICIOUS_MOVE = YES;
				CLANG_WARN_UNGUARDED_AVAILABILITY = YES_AGGRESSIVE;
				CLANG_WARN_UNREACHABLE_CODE = YES;
				CLANG_WARN__DUPLICATE_METHOD_MATCH = YES;
				COPY_PHASE_STRIP = NO;
				DEBUG_INFORMATION_FORMAT = dwarf;
				ENABLE_STRICT_OBJC_MSGSEND = YES;
				ENABLE_TESTABILITY = YES;
				GCC_C_LANGUAGE_STANDARD = gnu11;
				GCC_DYNAMIC_NO_PIC = NO;
				GCC_NO_COMMON_BLOCKS = YES;
				GCC_OPTIMIZATION_LEVEL = 0;
				GCC_PREPROCESSOR_DEFINITIONS = (
					"DEBUG=1",
					"$(inherited)",
				);
				GCC_WARN_64_TO_32_BIT_CONVERSION = YES;
				GCC_WARN_ABOUT_RETURN_TYPE = YES_ERROR;
				GCC_WARN_UNDECLARED_SELECTOR = YES;
				GCC_WARN_UNINITIALIZED_AUTOS = YES_AGGRESSIVE;
				GCC_WARN_UNUSED_FUNCTION = YES;
				GCC_WARN_UNUSED_VARIABLE = YES;
				IPHONEOS_DEPLOYMENT_TARGET = 15.5;
				MTL_ENABLE_DEBUG_INFO = INCLUDE_SOURCE;
				MTL_FAST_MATH = YES;
				ONLY_ACTIVE_ARCH = YES;
				SDKROOT = iphoneos;
				SWIFT_ACTIVE_COMPILATION_CONDITIONS = DEBUG;
				SWIFT_OPTIMIZATION_LEVEL = "-Onone";
			};
			name = Debug;
		};
		DCB0FBBF28942CBE00BC2481 /* Release */ = {
			isa = XCBuildConfiguration;
			buildSettings = {
				ALWAYS_SEARCH_USER_PATHS = NO;
				CLANG_ANALYZER_NONNULL = YES;
				CLANG_ANALYZER_NUMBER_OBJECT_CONVERSION = YES_AGGRESSIVE;
				CLANG_CXX_LANGUAGE_STANDARD = "gnu++17";
				CLANG_ENABLE_MODULES = YES;
				CLANG_ENABLE_OBJC_ARC = YES;
				CLANG_ENABLE_OBJC_WEAK = YES;
				CLANG_WARN_BLOCK_CAPTURE_AUTORELEASING = YES;
				CLANG_WARN_BOOL_CONVERSION = YES;
				CLANG_WARN_COMMA = YES;
				CLANG_WARN_CONSTANT_CONVERSION = YES;
				CLANG_WARN_DEPRECATED_OBJC_IMPLEMENTATIONS = YES;
				CLANG_WARN_DIRECT_OBJC_ISA_USAGE = YES_ERROR;
				CLANG_WARN_DOCUMENTATION_COMMENTS = YES;
				CLANG_WARN_EMPTY_BODY = YES;
				CLANG_WARN_ENUM_CONVERSION = YES;
				CLANG_WARN_INFINITE_RECURSION = YES;
				CLANG_WARN_INT_CONVERSION = YES;
				CLANG_WARN_NON_LITERAL_NULL_CONVERSION = YES;
				CLANG_WARN_OBJC_IMPLICIT_RETAIN_SELF = YES;
				CLANG_WARN_OBJC_LITERAL_CONVERSION = YES;
				CLANG_WARN_OBJC_ROOT_CLASS = YES_ERROR;
				CLANG_WARN_QUOTED_INCLUDE_IN_FRAMEWORK_HEADER = YES;
				CLANG_WARN_RANGE_LOOP_ANALYSIS = YES;
				CLANG_WARN_STRICT_PROTOTYPES = YES;
				CLANG_WARN_SUSPICIOUS_MOVE = YES;
				CLANG_WARN_UNGUARDED_AVAILABILITY = YES_AGGRESSIVE;
				CLANG_WARN_UNREACHABLE_CODE = YES;
				CLANG_WARN__DUPLICATE_METHOD_MATCH = YES;
				COPY_PHASE_STRIP = NO;
				DEBUG_INFORMATION_FORMAT = "dwarf-with-dsym";
				ENABLE_NS_ASSERTIONS = NO;
				ENABLE_STRICT_OBJC_MSGSEND = YES;
				GCC_C_LANGUAGE_STANDARD = gnu11;
				GCC_NO_COMMON_BLOCKS = YES;
				GCC_WARN_64_TO_32_BIT_CONVERSION = YES;
				GCC_WARN_ABOUT_RETURN_TYPE = YES_ERROR;
				GCC_WARN_UNDECLARED_SELECTOR = YES;
				GCC_WARN_UNINITIALIZED_AUTOS = YES_AGGRESSIVE;
				GCC_WARN_UNUSED_FUNCTION = YES;
				GCC_WARN_UNUSED_VARIABLE = YES;
				IPHONEOS_DEPLOYMENT_TARGET = 15.5;
				MTL_ENABLE_DEBUG_INFO = NO;
				MTL_FAST_MATH = YES;
				SDKROOT = iphoneos;
				SWIFT_COMPILATION_MODE = wholemodule;
				SWIFT_OPTIMIZATION_LEVEL = "-O";
				VALIDATE_PRODUCT = YES;
			};
			name = Release;
		};
		DCB0FBC128942CBE00BC2481 /* Debug */ = {
			isa = XCBuildConfiguration;
			buildSettings = {
				ASSETCATALOG_COMPILER_APPICON_NAME = AppIcon;
				ASSETCATALOG_COMPILER_GLOBAL_ACCENT_COLOR_NAME = AccentColor;
				CODE_SIGN_STYLE = Automatic;
				CURRENT_PROJECT_VERSION = 1;
				DEVELOPMENT_ASSET_PATHS = "\"Landmarks/Preview Content\"";
				DEVELOPMENT_TEAM = 88RH8RT76F;
				ENABLE_PREVIEWS = YES;
				GENERATE_INFOPLIST_FILE = YES;
				INFOPLIST_KEY_UIApplicationSceneManifest_Generation = YES;
				INFOPLIST_KEY_UIApplicationSupportsIndirectInputEvents = YES;
				INFOPLIST_KEY_UILaunchScreen_Generation = YES;
				INFOPLIST_KEY_UISupportedInterfaceOrientations_iPad = "UIInterfaceOrientationPortrait UIInterfaceOrientationPortraitUpsideDown UIInterfaceOrientationLandscapeLeft UIInterfaceOrientationLandscapeRight";
				INFOPLIST_KEY_UISupportedInterfaceOrientations_iPhone = "UIInterfaceOrientationPortrait UIInterfaceOrientationLandscapeLeft UIInterfaceOrientationLandscapeRight";
				LD_RUNPATH_SEARCH_PATHS = (
					"$(inherited)",
					"@executable_path/Frameworks",
				);
				MARKETING_VERSION = 1.0;
				PRODUCT_BUNDLE_IDENTIFIER = AnatoliStepanuke.Landmarks;
				PRODUCT_NAME = "$(TARGET_NAME)";
				SWIFT_EMIT_LOC_STRINGS = YES;
				SWIFT_VERSION = 5.0;
				TARGETED_DEVICE_FAMILY = "1,2";
			};
			name = Debug;
		};
		DCB0FBC228942CBE00BC2481 /* Release */ = {
			isa = XCBuildConfiguration;
			buildSettings = {
				ASSETCATALOG_COMPILER_APPICON_NAME = AppIcon;
				ASSETCATALOG_COMPILER_GLOBAL_ACCENT_COLOR_NAME = AccentColor;
				CODE_SIGN_STYLE = Automatic;
				CURRENT_PROJECT_VERSION = 1;
				DEVELOPMENT_ASSET_PATHS = "\"Landmarks/Preview Content\"";
				DEVELOPMENT_TEAM = 88RH8RT76F;
				ENABLE_PREVIEWS = YES;
				GENERATE_INFOPLIST_FILE = YES;
				INFOPLIST_KEY_UIApplicationSceneManifest_Generation = YES;
				INFOPLIST_KEY_UIApplicationSupportsIndirectInputEvents = YES;
				INFOPLIST_KEY_UILaunchScreen_Generation = YES;
				INFOPLIST_KEY_UISupportedInterfaceOrientations_iPad = "UIInterfaceOrientationPortrait UIInterfaceOrientationPortraitUpsideDown UIInterfaceOrientationLandscapeLeft UIInterfaceOrientationLandscapeRight";
				INFOPLIST_KEY_UISupportedInterfaceOrientations_iPhone = "UIInterfaceOrientationPortrait UIInterfaceOrientationLandscapeLeft UIInterfaceOrientationLandscapeRight";
				LD_RUNPATH_SEARCH_PATHS = (
					"$(inherited)",
					"@executable_path/Frameworks",
				);
				MARKETING_VERSION = 1.0;
				PRODUCT_BUNDLE_IDENTIFIER = AnatoliStepanuke.Landmarks;
				PRODUCT_NAME = "$(TARGET_NAME)";
				SWIFT_EMIT_LOC_STRINGS = YES;
				SWIFT_VERSION = 5.0;
				TARGETED_DEVICE_FAMILY = "1,2";
			};
			name = Release;
		};
/* End XCBuildConfiguration section */

/* Begin XCConfigurationList section */
		DCB0FBAD28942CBC00BC2481 /* Build configuration list for PBXProject "Landmarks" */ = {
			isa = XCConfigurationList;
			buildConfigurations = (
				DCB0FBBE28942CBE00BC2481 /* Debug */,
				DCB0FBBF28942CBE00BC2481 /* Release */,
			);
			defaultConfigurationIsVisible = 0;
			defaultConfigurationName = Release;
		};
		DCB0FBC028942CBE00BC2481 /* Build configuration list for PBXNativeTarget "Landmarks" */ = {
			isa = XCConfigurationList;
			buildConfigurations = (
				DCB0FBC128942CBE00BC2481 /* Debug */,
				DCB0FBC228942CBE00BC2481 /* Release */,
			);
			defaultConfigurationIsVisible = 0;
			defaultConfigurationName = Release;
		};
/* End XCConfigurationList section */
	};
	rootObject = DCB0FBAA28942CBC00BC2481 /* Project object */;
}
